
Microsoft Visual Studio Solution File, Format Version 12.00
# Visual Studio Version 16
VisualStudioVersion = 16.0.31911.196
MinimumVisualStudioVersion = 10.0.40219.1
Project("{FAE04EC0-301F-11D3-BF4B-00C04F79EFBC}") = "ASP.NET Core EduHome", "ASP.NET Core EduHome\ASP.NET Core EduHome.csproj", "{189A0822-FEF4-48C7-8B02-20EDF17869BC}"
EndProject
Global
	GlobalSection(SolutionConfigurationPlatforms) = preSolution
		Debug|Any CPU = Debug|Any CPU
		Release|Any CPU = Release|Any CPU
	EndGlobalSection
	GlobalSection(ProjectConfigurationPlatforms) = postSolution
		{189A0822-FEF4-48C7-8B02-20EDF17869BC}.Debug|Any CPU.ActiveCfg = Debug|Any CPU
		{189A0822-FEF4-48C7-8B02-20EDF17869BC}.Debug|Any CPU.Build.0 = Debug|Any CPU
		{189A0822-FEF4-48C7-8B02-20EDF17869BC}.Release|Any CPU.ActiveCfg = Release|Any CPU
		{189A0822-FEF4-48C7-8B02-20EDF17869BC}.Release|Any CPU.Build.0 = Release|Any CPU
	EndGlobalSection
	GlobalSection(SolutionProperties) = preSolution
		HideSolutionNode = FALSE
	EndGlobalSection
	GlobalSection(ExtensibilityGlobals) = postSolution
		SolutionGuid = {07A3DA0A-69B2-438A-9021-0C3CC1A4B724}
	EndGlobalSection
EndGlobal
